<?xml version="1.0" encoding="utf-8"?>
<Project ToolsVersion="4.0" xmlns="http://schemas.microsoft.com/developer/msbuild/2003">
  <ItemGroup>
    <Filter Include="Source Files">
      <UniqueIdentifier>{4FC737F1-C7A5-4376-A066-2A32D752A2FF}</UniqueIdentifier>
      <Extensions>cpp;c;cc;cxx;def;odl;idl;hpj;bat;asm;asmx</Extensions>
    </Filter>
    <Filter Include="Header Files">
      <UniqueIdentifier>{93995380-89BD-4b04-88EB-625FBE52EBFB}</UniqueIdentifier>
      <Extensions>h;hpp;hxx;hm;inl;inc;xsd</Extensions>
    </Filter>
    <Filter Include="Resource Files">
      <UniqueIdentifier>{67DA6AB6-F800-4c08-8B7A-83BB121AAD01}</UniqueIdentifier>
      <Extensions>rc;ico;cur;bmp;dlg;rc2;rct;bin;rgs;gif;jpg;jpeg;jpe;resx;tiff;tif;png;wav;mfcribbon-ms</Extensions>
    </Filter>
    <Filter Include="Helpers">
      <UniqueIdentifier>{fc18a2f3-dad9-4fa3-a42d-968dd1cc851c}</UniqueIdentifier>
    </Filter>
    <Filter Include="Core">
      <UniqueIdentifier>{b983703a-f1bf-4bc7-9afb-0a90a7a99b20}</UniqueIdentifier>
    </Filter>
    <Filter Include="Header Files\Objects">
      <UniqueIdentifier>{eaf87679-93f2-4971-8b25-0d1c61d0015d}</UniqueIdentifier>
    </Filter>
    <Filter Include="Source Files\Objects">
      <UniqueIdentifier>{8cbf0bf7-201e-42ec-8e5e-640982b06524}</UniqueIdentifier>
    </Filter>
  </ItemGroup>
  <ItemGroup>
    <ClCompile Include="src\Main.cpp">
      <Filter>Source Files</Filter>
    </ClCompile>
    <ClCompile Include="src\Game.cpp">
      <Filter>Source Files</Filter>
    </ClCompile>
    <ClCompile Include="src\GameInputListener.cpp">
      <Filter>Source Files</Filter>
    </ClCompile>
    <ClCompile Include="src\InputListener.cpp">
      <Filter>Source Files</Filter>
    </ClCompile>
    <ClCompile Include="src\World.cpp">
      <Filter>Source Files</Filter>
    </ClCompile>
    <ClCompile Include="src\GhostObject.cpp">
      <Filter>Source Files</Filter>
    </ClCompile>
    <ClCompile Include="src\Context.cpp">
      <Filter>Source Files</Filter>
    </ClCompile>
    <ClCompile Include="src\JetEntity.cpp">
      <Filter>Source Files\Objects</Filter>
    </ClCompile>
    <ClCompile Include="src\TreeEntity.cpp">
      <Filter>Source Files\Objects</Filter>
    </ClCompile>
    <ClCompile Include="src\GroundEntity.cpp">
      <Filter>Source Files\Objects</Filter>
    </ClCompile>
    <ClCompile Include="src\PhysicObject.cpp">
      <Filter>Source Files</Filter>
    </ClCompile>
  </ItemGroup>
  <ItemGroup>
    <ClInclude Include="src\Game.h">
      <Filter>Header Files</Filter>
    </ClInclude>
    <ClInclude Include="src\GameInputListener.h">
      <Filter>Header Files</Filter>
    </ClInclude>
    <ClInclude Include="src\InputListener.h">
      <Filter>Header Files</Filter>
    </ClInclude>
    <ClInclude Include="src\IScreen.h">
      <Filter>Header Files</Filter>
    </ClInclude>
    <ClInclude Include="src\World.h">
      <Filter>Header Files</Filter>
    </ClInclude>
    <ClInclude Include="src\WorldDefinition.h">
      <Filter>Header Files</Filter>
    </ClInclude>
    <ClInclude Include="src\GhostObject.h">
      <Filter>Header Files</Filter>
    </ClInclude>
    <ClInclude Include="src\ObjectDefinitionLoader.h">
      <Filter>Helpers</Filter>
    </ClInclude>
    <ClInclude Include="src\FileHelper.h">
      <Filter>Helpers</Filter>
    </ClInclude>
    <ClInclude Include="src\Config.h">
      <Filter>Resource Files</Filter>
    </ClInclude>
    <ClInclude Include="src\ArrayHelper.h">
      <Filter>Helpers</Filter>
    </ClInclude>
    <ClInclude Include="src\DogfightCore.h">
      <Filter>Core</Filter>
    </ClInclude>
    <ClInclude Include="src\JetEntity.h">
      <Filter>Header Files\Objects</Filter>
    </ClInclude>
    <ClInclude Include="src\TreeEntity.h">
      <Filter>Header Files\Objects</Filter>
    </ClInclude>
    <ClInclude Include="src\GroundEntity.h">
      <Filter>Header Files\Objects</Filter>
    </ClInclude>
    <ClInclude Include="src\ListHelper.h">
      <Filter>Helpers</Filter>
    </ClInclude>
    <ClInclude Include="src\PhysicObject.h">
      <Filter>Header Files</Filter>
    </ClInclude>
    <ClInclude Include="src\StepableObject.h">
      <Filter>Header Files</Filter>
    </ClInclude>
  </ItemGroup>
  <ItemGroup>
    <None Include="src\Context.h">
      <Filter>Header Files</Filter>
    </None>
    <None Include="ClassDiagram1.cd" />
  </ItemGroup>
</Project>